
Microsoft Visual Studio Solution File, Format Version 12.00
# Visual Studio Version 17
VisualStudioVersion = 17.11.35312.102
MinimumVisualStudioVersion = 10.0.40219.1
Project("{FAE04EC0-301F-11D3-BF4B-00C04F79EFBC}") = "CompileCrew", "CompileCrew\CompileCrew.csproj", "{E694C5FE-8038-4B1E-97F2-2A96524C8CA2}"
EndProject
Global
	GlobalSection(SolutionConfigurationPlatforms) = preSolution
		Debug|Any CPU = Debug|Any CPU
		Release|Any CPU = Release|Any CPU
	EndGlobalSection
	GlobalSection(ProjectConfigurationPlatforms) = postSolution
		{E694C5FE-8038-4B1E-97F2-2A96524C8CA2}.Debug|Any CPU.ActiveCfg = Debug|Any CPU
		{E694C5FE-8038-4B1E-97F2-2A96524C8CA2}.Debug|Any CPU.Build.0 = Debug|Any CPU
		{E694C5FE-8038-4B1E-97F2-2A96524C8CA2}.Release|Any CPU.ActiveCfg = Release|Any CPU
		{E694C5FE-8038-4B1E-97F2-2A96524C8CA2}.Release|Any CPU.Build.0 = Release|Any CPU
	EndGlobalSection
	GlobalSection(SolutionProperties) = preSolution
		HideSolutionNode = FALSE
	EndGlobalSection
	GlobalSection(ExtensibilityGlobals) = postSolution
		SolutionGuid = {681BC6DD-0C57-4F58-9C1F-A913E7299914}
	EndGlobalSection
EndGlobal
